
Microsoft Visual Studio Solution File, Format Version 12.00
# Visual Studio Version 16
VisualStudioVersion = 16.0.29519.181
MinimumVisualStudioVersion = 10.0.40219.1
Project("{9A19103F-16F7-4668-BE54-9A1E7A4F7556}") = "n3q.GrainInterfaces", "Items\n3q.GrainInterfaces\n3q.GrainInterfaces.csproj", "{566DC69A-E7F5-4AD7-96FA-E0536BDA5AED}"
EndProject
Project("{9A19103F-16F7-4668-BE54-9A1E7A4F7556}") = "n3q.Grains", "Items\n3q.Grains\n3q.Grains.csproj", "{494B7FB3-905C-46CA-84F3-BB747C959530}"
	ProjectSection(ProjectDependencies) = postProject
		{566DC69A-E7F5-4AD7-96FA-E0536BDA5AED} = {566DC69A-E7F5-4AD7-96FA-E0536BDA5AED}
	EndProjectSection
EndProject
Project("{9A19103F-16F7-4668-BE54-9A1E7A4F7556}") = "LocalSilo", "Items\LocalSilo\LocalSilo.csproj", "{4E48002B-EFC0-4925-BCE1-17C3DA96DB9C}"
EndProject
Project("{9A19103F-16F7-4668-BE54-9A1E7A4F7556}") = "TestClient", "Items\TestClient\TestClient.csproj", "{E878EA71-2441-49EA-9A8A-7D4500E10067}"
EndProject
Project("{9A19103F-16F7-4668-BE54-9A1E7A4F7556}") = "n3q.Xmpp", "Items\n3q.Xmpp\n3q.Xmpp.csproj", "{BE23181D-CC2B-4260-8967-B8EA984FFC62}"
EndProject
Project("{9A19103F-16F7-4668-BE54-9A1E7A4F7556}") = "n3q.Items.Test", "Items\n3q.Items.Test\n3q.Items.Test.csproj", "{6EE33E87-6EC8-491C-A94D-AEEDB63E5040}"
EndProject
Project("{2150E333-8FDC-42A3-9474-1A3956D46DE8}") = "Test", "Test", "{6503DF54-D6AC-48CB-B0C5-CF39F0240AF0}"
EndProject
Project("{9A19103F-16F7-4668-BE54-9A1E7A4F7556}") = "n3q.Items", "Items\n3q.Items\n3q.Items.csproj", "{C4B34CF5-39E2-431D-A627-F1B832E58F22}"
EndProject
Project("{2150E333-8FDC-42A3-9474-1A3956D46DE8}") = "_", "_", "{F7E3FD6E-CF43-4914-8BF5-4E4885FE081A}"
	ProjectSection(SolutionItems) = preProject
		Dockerfile.silo = Dockerfile.silo
		Dockerfile.web = Dockerfile.web
		Dockerfile.webex = Dockerfile.webex
		Dockerfile.xmpp = Dockerfile.xmpp
	EndProjectSection
EndProject
Project("{9A19103F-16F7-4668-BE54-9A1E7A4F7556}") = "n3q.StorageProviders", "Items\n3q.StorageProviders\n3q.StorageProviders.csproj", "{466C66AF-8B42-4F4E-86E9-48E87D2561D1}"
EndProject
Project("{9A19103F-16F7-4668-BE54-9A1E7A4F7556}") = "IntegrationTests", "Items\IntegrationTests\IntegrationTests.csproj", "{B6F8D551-EC53-46A2-940D-5648019B2AE8}"
EndProject
Project("{9A19103F-16F7-4668-BE54-9A1E7A4F7556}") = "n3q.Web", "Items\n3q.Web\n3q.Web.csproj", "{7BA1C837-6656-49BB-8C76-A1F6B52B51A5}"
EndProject
Project("{9A19103F-16F7-4668-BE54-9A1E7A4F7556}") = "n3q.Content", "Items\n3q.Content\n3q.Content.csproj", "{D0726261-8C2E-48FF-A5B4-E915D7EF5C95}"
EndProject
Project("{9A19103F-16F7-4668-BE54-9A1E7A4F7556}") = "n3q.Common", "Items\n3q.Common\n3q.Common.csproj", "{E85AC911-2BEF-4B64-A9AF-F47BCA37F9ED}"
EndProject
Project("{9A19103F-16F7-4668-BE54-9A1E7A4F7556}") = "n3q.Aspects", "Items\n3q.Aspects\n3q.Aspects.csproj", "{D8F183B7-57D6-49E7-8B3A-94550E243DFB}"
EndProject
Project("{9A19103F-16F7-4668-BE54-9A1E7A4F7556}") = "n3q.Aspects.Test", "Items\n3q.Aspects.Test\n3q.Aspects.Test.csproj", "{C809FAEE-FF6D-42F1-8B88-281C95D0AC98}"
EndProject
Project("{9A19103F-16F7-4668-BE54-9A1E7A4F7556}") = "n3q.Xmpp.Test", "Items\n3q.Xmpp.Test\n3q.Xmpp.Test.csproj", "{90DBB7ED-1F36-4264-AF84-866DC8E95161}"
EndProject
Project("{9A19103F-16F7-4668-BE54-9A1E7A4F7556}") = "n3q.Tools", "Shared\n3q.Tools\n3q.Tools.csproj", "{25F05011-CE8A-4C17-B3F6-E4AF7D8D6AC0}"
EndProject
Project("{9A19103F-16F7-4668-BE54-9A1E7A4F7556}") = "JsonPath", "Shared\JsonPath\JsonPath.csproj", "{91FE4D70-6E69-474A-A71C-99B4327F214C}"
EndProject
Project("{9A19103F-16F7-4668-BE54-9A1E7A4F7556}") = "n3q.Tools.Test", "Shared\n3q.Tools.Test\n3q.Tools.Test.csproj", "{3A537A5B-CFAA-4BB7-B32F-6C93FF51321A}"
EndProject
Project("{9A19103F-16F7-4668-BE54-9A1E7A4F7556}") = "JsonPath.Test", "Shared\JsonPath.Test\JsonPath.Test.csproj", "{4A3187F8-932D-425E-A401-BFF4DE4909A3}"
EndProject
Project("{9A19103F-16F7-4668-BE54-9A1E7A4F7556}") = "n3q.WebEx", "Base\n3q.WebEx\n3q.WebEx.csproj", "{CA848091-8AB6-416D-88EB-7AEB17EB1AC3}"
	ProjectSection(ProjectDependencies) = postProject
		{E85AC911-2BEF-4B64-A9AF-F47BCA37F9ED} = {E85AC911-2BEF-4B64-A9AF-F47BCA37F9ED}
	EndProjectSection
EndProject
Project("{9A19103F-16F7-4668-BE54-9A1E7A4F7556}") = "ConfigSharp", "Shared\ConfigSharp\ConfigSharp.csproj", "{5225BEDF-16EF-49B7-A830-8D63269996CE}"
EndProject
Project("{9A19103F-16F7-4668-BE54-9A1E7A4F7556}") = "ConfigSharp.Test", "Shared\ConfigSharp.Test\ConfigSharp.Test.csproj", "{1D21D3B4-B0D3-4C07-BC3F-16B51523A2EC}"
EndProject
Project("{2150E333-8FDC-42A3-9474-1A3956D46DE8}") = "Lib", "Lib", "{44BC4FC9-436C-4D28-8350-34C437347B39}"
EndProject
Project("{9A19103F-16F7-4668-BE54-9A1E7A4F7556}") = "ConfigSharpTester", "Shared\ConfigSharpTester\ConfigSharpTester.csproj", "{FC5B4616-03BA-47FB-88CE-355F9010301E}"
EndProject
Project("{9A19103F-16F7-4668-BE54-9A1E7A4F7556}") = "ClusterSilo", "Items\ClusterSilo\ClusterSilo.csproj", "{909E01D5-F627-4FFC-AA0A-F52E34C7EAA9}"
EndProject
Global
	GlobalSection(SolutionConfigurationPlatforms) = preSolution
		Debug|Any CPU = Debug|Any CPU
		Release|Any CPU = Release|Any CPU
	EndGlobalSection
	GlobalSection(ProjectConfigurationPlatforms) = postSolution
		{566DC69A-E7F5-4AD7-96FA-E0536BDA5AED}.Debug|Any CPU.ActiveCfg = Debug|Any CPU
		{566DC69A-E7F5-4AD7-96FA-E0536BDA5AED}.Debug|Any CPU.Build.0 = Debug|Any CPU
		{566DC69A-E7F5-4AD7-96FA-E0536BDA5AED}.Release|Any CPU.ActiveCfg = Release|Any CPU
		{566DC69A-E7F5-4AD7-96FA-E0536BDA5AED}.Release|Any CPU.Build.0 = Release|Any CPU
		{494B7FB3-905C-46CA-84F3-BB747C959530}.Debug|Any CPU.ActiveCfg = Debug|Any CPU
		{494B7FB3-905C-46CA-84F3-BB747C959530}.Debug|Any CPU.Build.0 = Debug|Any CPU
		{494B7FB3-905C-46CA-84F3-BB747C959530}.Release|Any CPU.ActiveCfg = Release|Any CPU
		{494B7FB3-905C-46CA-84F3-BB747C959530}.Release|Any CPU.Build.0 = Release|Any CPU
		{4E48002B-EFC0-4925-BCE1-17C3DA96DB9C}.Debug|Any CPU.ActiveCfg = Debug|Any CPU
		{4E48002B-EFC0-4925-BCE1-17C3DA96DB9C}.Debug|Any CPU.Build.0 = Debug|Any CPU
		{4E48002B-EFC0-4925-BCE1-17C3DA96DB9C}.Release|Any CPU.ActiveCfg = Release|Any CPU
		{4E48002B-EFC0-4925-BCE1-17C3DA96DB9C}.Release|Any CPU.Build.0 = Release|Any CPU
		{E878EA71-2441-49EA-9A8A-7D4500E10067}.Debug|Any CPU.ActiveCfg = Debug|Any CPU
		{E878EA71-2441-49EA-9A8A-7D4500E10067}.Debug|Any CPU.Build.0 = Debug|Any CPU
		{E878EA71-2441-49EA-9A8A-7D4500E10067}.Release|Any CPU.ActiveCfg = Release|Any CPU
		{E878EA71-2441-49EA-9A8A-7D4500E10067}.Release|Any CPU.Build.0 = Release|Any CPU
		{BE23181D-CC2B-4260-8967-B8EA984FFC62}.Debug|Any CPU.ActiveCfg = Debug|Any CPU
		{BE23181D-CC2B-4260-8967-B8EA984FFC62}.Debug|Any CPU.Build.0 = Debug|Any CPU
		{BE23181D-CC2B-4260-8967-B8EA984FFC62}.Release|Any CPU.ActiveCfg = Release|Any CPU
		{BE23181D-CC2B-4260-8967-B8EA984FFC62}.Release|Any CPU.Build.0 = Release|Any CPU
		{6EE33E87-6EC8-491C-A94D-AEEDB63E5040}.Debug|Any CPU.ActiveCfg = Debug|Any CPU
		{6EE33E87-6EC8-491C-A94D-AEEDB63E5040}.Debug|Any CPU.Build.0 = Debug|Any CPU
		{6EE33E87-6EC8-491C-A94D-AEEDB63E5040}.Release|Any CPU.ActiveCfg = Release|Any CPU
		{6EE33E87-6EC8-491C-A94D-AEEDB63E5040}.Release|Any CPU.Build.0 = Release|Any CPU
		{C4B34CF5-39E2-431D-A627-F1B832E58F22}.Debug|Any CPU.ActiveCfg = Debug|Any CPU
		{C4B34CF5-39E2-431D-A627-F1B832E58F22}.Debug|Any CPU.Build.0 = Debug|Any CPU
		{C4B34CF5-39E2-431D-A627-F1B832E58F22}.Release|Any CPU.ActiveCfg = Release|Any CPU
		{C4B34CF5-39E2-431D-A627-F1B832E58F22}.Release|Any CPU.Build.0 = Release|Any CPU
		{466C66AF-8B42-4F4E-86E9-48E87D2561D1}.Debug|Any CPU.ActiveCfg = Debug|Any CPU
		{466C66AF-8B42-4F4E-86E9-48E87D2561D1}.Debug|Any CPU.Build.0 = Debug|Any CPU
		{466C66AF-8B42-4F4E-86E9-48E87D2561D1}.Release|Any CPU.ActiveCfg = Release|Any CPU
		{466C66AF-8B42-4F4E-86E9-48E87D2561D1}.Release|Any CPU.Build.0 = Release|Any CPU
		{B6F8D551-EC53-46A2-940D-5648019B2AE8}.Debug|Any CPU.ActiveCfg = Debug|Any CPU
		{B6F8D551-EC53-46A2-940D-5648019B2AE8}.Debug|Any CPU.Build.0 = Debug|Any CPU
		{B6F8D551-EC53-46A2-940D-5648019B2AE8}.Release|Any CPU.ActiveCfg = Release|Any CPU
		{B6F8D551-EC53-46A2-940D-5648019B2AE8}.Release|Any CPU.Build.0 = Release|Any CPU
		{7BA1C837-6656-49BB-8C76-A1F6B52B51A5}.Debug|Any CPU.ActiveCfg = Debug|Any CPU
		{7BA1C837-6656-49BB-8C76-A1F6B52B51A5}.Debug|Any CPU.Build.0 = Debug|Any CPU
		{7BA1C837-6656-49BB-8C76-A1F6B52B51A5}.Release|Any CPU.ActiveCfg = Release|Any CPU
		{7BA1C837-6656-49BB-8C76-A1F6B52B51A5}.Release|Any CPU.Build.0 = Release|Any CPU
		{D0726261-8C2E-48FF-A5B4-E915D7EF5C95}.Debug|Any CPU.ActiveCfg = Debug|Any CPU
		{D0726261-8C2E-48FF-A5B4-E915D7EF5C95}.Debug|Any CPU.Build.0 = Debug|Any CPU
		{D0726261-8C2E-48FF-A5B4-E915D7EF5C95}.Release|Any CPU.ActiveCfg = Release|Any CPU
		{D0726261-8C2E-48FF-A5B4-E915D7EF5C95}.Release|Any CPU.Build.0 = Release|Any CPU
		{E85AC911-2BEF-4B64-A9AF-F47BCA37F9ED}.Debug|Any CPU.ActiveCfg = Debug|Any CPU
		{E85AC911-2BEF-4B64-A9AF-F47BCA37F9ED}.Debug|Any CPU.Build.0 = Debug|Any CPU
		{E85AC911-2BEF-4B64-A9AF-F47BCA37F9ED}.Release|Any CPU.ActiveCfg = Release|Any CPU
		{E85AC911-2BEF-4B64-A9AF-F47BCA37F9ED}.Release|Any CPU.Build.0 = Release|Any CPU
		{D8F183B7-57D6-49E7-8B3A-94550E243DFB}.Debug|Any CPU.ActiveCfg = Debug|Any CPU
		{D8F183B7-57D6-49E7-8B3A-94550E243DFB}.Debug|Any CPU.Build.0 = Debug|Any CPU
		{D8F183B7-57D6-49E7-8B3A-94550E243DFB}.Release|Any CPU.ActiveCfg = Release|Any CPU
		{D8F183B7-57D6-49E7-8B3A-94550E243DFB}.Release|Any CPU.Build.0 = Release|Any CPU
		{C809FAEE-FF6D-42F1-8B88-281C95D0AC98}.Debug|Any CPU.ActiveCfg = Debug|Any CPU
		{C809FAEE-FF6D-42F1-8B88-281C95D0AC98}.Debug|Any CPU.Build.0 = Debug|Any CPU
		{C809FAEE-FF6D-42F1-8B88-281C95D0AC98}.Release|Any CPU.ActiveCfg = Release|Any CPU
		{C809FAEE-FF6D-42F1-8B88-281C95D0AC98}.Release|Any CPU.Build.0 = Release|Any CPU
		{90DBB7ED-1F36-4264-AF84-866DC8E95161}.Debug|Any CPU.ActiveCfg = Debug|Any CPU
		{90DBB7ED-1F36-4264-AF84-866DC8E95161}.Debug|Any CPU.Build.0 = Debug|Any CPU
		{90DBB7ED-1F36-4264-AF84-866DC8E95161}.Release|Any CPU.ActiveCfg = Release|Any CPU
		{90DBB7ED-1F36-4264-AF84-866DC8E95161}.Release|Any CPU.Build.0 = Release|Any CPU
		{25F05011-CE8A-4C17-B3F6-E4AF7D8D6AC0}.Debug|Any CPU.ActiveCfg = Debug|Any CPU
		{25F05011-CE8A-4C17-B3F6-E4AF7D8D6AC0}.Debug|Any CPU.Build.0 = Debug|Any CPU
		{25F05011-CE8A-4C17-B3F6-E4AF7D8D6AC0}.Release|Any CPU.ActiveCfg = Release|Any CPU
		{25F05011-CE8A-4C17-B3F6-E4AF7D8D6AC0}.Release|Any CPU.Build.0 = Release|Any CPU
		{91FE4D70-6E69-474A-A71C-99B4327F214C}.Debug|Any CPU.ActiveCfg = Debug|Any CPU
		{91FE4D70-6E69-474A-A71C-99B4327F214C}.Debug|Any CPU.Build.0 = Debug|Any CPU
		{91FE4D70-6E69-474A-A71C-99B4327F214C}.Release|Any CPU.ActiveCfg = Release|Any CPU
		{91FE4D70-6E69-474A-A71C-99B4327F214C}.Release|Any CPU.Build.0 = Release|Any CPU
		{3A537A5B-CFAA-4BB7-B32F-6C93FF51321A}.Debug|Any CPU.ActiveCfg = Debug|Any CPU
		{3A537A5B-CFAA-4BB7-B32F-6C93FF51321A}.Debug|Any CPU.Build.0 = Debug|Any CPU
		{3A537A5B-CFAA-4BB7-B32F-6C93FF51321A}.Release|Any CPU.ActiveCfg = Release|Any CPU
		{3A537A5B-CFAA-4BB7-B32F-6C93FF51321A}.Release|Any CPU.Build.0 = Release|Any CPU
		{4A3187F8-932D-425E-A401-BFF4DE4909A3}.Debug|Any CPU.ActiveCfg = Debug|Any CPU
		{4A3187F8-932D-425E-A401-BFF4DE4909A3}.Debug|Any CPU.Build.0 = Debug|Any CPU
		{4A3187F8-932D-425E-A401-BFF4DE4909A3}.Release|Any CPU.ActiveCfg = Release|Any CPU
		{4A3187F8-932D-425E-A401-BFF4DE4909A3}.Release|Any CPU.Build.0 = Release|Any CPU
		{CA848091-8AB6-416D-88EB-7AEB17EB1AC3}.Debug|Any CPU.ActiveCfg = Debug|Any CPU
		{CA848091-8AB6-416D-88EB-7AEB17EB1AC3}.Debug|Any CPU.Build.0 = Debug|Any CPU
		{CA848091-8AB6-416D-88EB-7AEB17EB1AC3}.Release|Any CPU.ActiveCfg = Release|Any CPU
		{CA848091-8AB6-416D-88EB-7AEB17EB1AC3}.Release|Any CPU.Build.0 = Release|Any CPU
		{5225BEDF-16EF-49B7-A830-8D63269996CE}.Debug|Any CPU.ActiveCfg = Debug|Any CPU
		{5225BEDF-16EF-49B7-A830-8D63269996CE}.Debug|Any CPU.Build.0 = Debug|Any CPU
		{5225BEDF-16EF-49B7-A830-8D63269996CE}.Release|Any CPU.ActiveCfg = Release|Any CPU
		{5225BEDF-16EF-49B7-A830-8D63269996CE}.Release|Any CPU.Build.0 = Release|Any CPU
		{1D21D3B4-B0D3-4C07-BC3F-16B51523A2EC}.Debug|Any CPU.ActiveCfg = Debug|Any CPU
		{1D21D3B4-B0D3-4C07-BC3F-16B51523A2EC}.Debug|Any CPU.Build.0 = Debug|Any CPU
		{1D21D3B4-B0D3-4C07-BC3F-16B51523A2EC}.Release|Any CPU.ActiveCfg = Release|Any CPU
		{1D21D3B4-B0D3-4C07-BC3F-16B51523A2EC}.Release|Any CPU.Build.0 = Release|Any CPU
		{FC5B4616-03BA-47FB-88CE-355F9010301E}.Debug|Any CPU.ActiveCfg = Debug|Any CPU
		{FC5B4616-03BA-47FB-88CE-355F9010301E}.Debug|Any CPU.Build.0 = Debug|Any CPU
		{FC5B4616-03BA-47FB-88CE-355F9010301E}.Release|Any CPU.ActiveCfg = Release|Any CPU
		{FC5B4616-03BA-47FB-88CE-355F9010301E}.Release|Any CPU.Build.0 = Release|Any CPU
		{909E01D5-F627-4FFC-AA0A-F52E34C7EAA9}.Debug|Any CPU.ActiveCfg = Debug|Any CPU
		{909E01D5-F627-4FFC-AA0A-F52E34C7EAA9}.Debug|Any CPU.Build.0 = Debug|Any CPU
		{909E01D5-F627-4FFC-AA0A-F52E34C7EAA9}.Release|Any CPU.ActiveCfg = Release|Any CPU
		{909E01D5-F627-4FFC-AA0A-F52E34C7EAA9}.Release|Any CPU.Build.0 = Release|Any CPU
	EndGlobalSection
	GlobalSection(SolutionProperties) = preSolution
		HideSolutionNode = FALSE
	EndGlobalSection
	GlobalSection(NestedProjects) = preSolution
		{E878EA71-2441-49EA-9A8A-7D4500E10067} = {6503DF54-D6AC-48CB-B0C5-CF39F0240AF0}
		{6EE33E87-6EC8-491C-A94D-AEEDB63E5040} = {6503DF54-D6AC-48CB-B0C5-CF39F0240AF0}
		{B6F8D551-EC53-46A2-940D-5648019B2AE8} = {6503DF54-D6AC-48CB-B0C5-CF39F0240AF0}
		{C809FAEE-FF6D-42F1-8B88-281C95D0AC98} = {6503DF54-D6AC-48CB-B0C5-CF39F0240AF0}
		{90DBB7ED-1F36-4264-AF84-866DC8E95161} = {6503DF54-D6AC-48CB-B0C5-CF39F0240AF0}
		{25F05011-CE8A-4C17-B3F6-E4AF7D8D6AC0} = {44BC4FC9-436C-4D28-8350-34C437347B39}
		{91FE4D70-6E69-474A-A71C-99B4327F214C} = {44BC4FC9-436C-4D28-8350-34C437347B39}
		{3A537A5B-CFAA-4BB7-B32F-6C93FF51321A} = {6503DF54-D6AC-48CB-B0C5-CF39F0240AF0}
		{4A3187F8-932D-425E-A401-BFF4DE4909A3} = {6503DF54-D6AC-48CB-B0C5-CF39F0240AF0}
		{5225BEDF-16EF-49B7-A830-8D63269996CE} = {44BC4FC9-436C-4D28-8350-34C437347B39}
		{1D21D3B4-B0D3-4C07-BC3F-16B51523A2EC} = {6503DF54-D6AC-48CB-B0C5-CF39F0240AF0}
		{FC5B4616-03BA-47FB-88CE-355F9010301E} = {6503DF54-D6AC-48CB-B0C5-CF39F0240AF0}
	EndGlobalSection
	GlobalSection(ExtensibilityGlobals) = postSolution
		SolutionGuid = {4C58E6A4-A93F-488F-BA4E-EF1D570CEF2B}
	EndGlobalSection
EndGlobal
