
Microsoft Visual Studio Solution File, Format Version 12.00
# Visual Studio Version 16
VisualStudioVersion = 16.0.29519.181
MinimumVisualStudioVersion = 10.0.40219.1
Project("{9A19103F-16F7-4668-BE54-9A1E7A4F7556}") = "GrainInterfaces", "src\GrainInterfaces\GrainInterfaces.csproj", "{566DC69A-E7F5-4AD7-96FA-E0536BDA5AED}"
EndProject
Project("{9A19103F-16F7-4668-BE54-9A1E7A4F7556}") = "Grains", "src\Grains\Grains.csproj", "{494B7FB3-905C-46CA-84F3-BB747C959530}"
	ProjectSection(ProjectDependencies) = postProject
		{566DC69A-E7F5-4AD7-96FA-E0536BDA5AED} = {566DC69A-E7F5-4AD7-96FA-E0536BDA5AED}
	EndProjectSection
EndProject
Project("{9A19103F-16F7-4668-BE54-9A1E7A4F7556}") = "_LocalSilo", "src\LocalSilo\_LocalSilo.csproj", "{4E48002B-EFC0-4925-BCE1-17C3DA96DB9C}"
EndProject
Project("{9A19103F-16F7-4668-BE54-9A1E7A4F7556}") = "TestClient", "src\TestClient\TestClient.csproj", "{E878EA71-2441-49EA-9A8A-7D4500E10067}"
EndProject
Project("{9A19103F-16F7-4668-BE54-9A1E7A4F7556}") = "XmppComponent", "src\XmppComponent\XmppComponent.csproj", "{BE23181D-CC2B-4260-8967-B8EA984FFC62}"
EndProject
Project("{9A19103F-16F7-4668-BE54-9A1E7A4F7556}") = "nine3q.Items", "nine3q.Items\nine3q.Items.csproj", "{6BF00691-4D1B-4C65-A76E-D3D972ADD879}"
EndProject
Project("{9A19103F-16F7-4668-BE54-9A1E7A4F7556}") = "nine3q.Lib", "nine3q.Lib\nine3q.Lib.csproj", "{85D1A9CE-EA47-44DC-A295-35D25269E23A}"
EndProject
Project("{9A19103F-16F7-4668-BE54-9A1E7A4F7556}") = "JsonPath", "JsonPath\JsonPath.csproj", "{E7E5FB7A-C222-432D-8FFC-6A1FEC704F32}"
EndProject
Project("{FAE04EC0-301F-11D3-BF4B-00C04F79EFBC}") = "JsonPath.Test", "JsonPath.Test\JsonPath.Test.csproj", "{4ED5697B-9E04-4E5A-A919-16AA3F9E3CBE}"
EndProject
Project("{FAE04EC0-301F-11D3-BF4B-00C04F79EFBC}") = "nine3q.Items.Test", "nine3q.Items.Test\nine3q.Items.Test.csproj", "{6EE33E87-6EC8-491C-A94D-AEEDB63E5040}"
	ProjectSection(ProjectDependencies) = postProject
		{6BF00691-4D1B-4C65-A76E-D3D972ADD879} = {6BF00691-4D1B-4C65-A76E-D3D972ADD879}
	EndProjectSection
EndProject
Project("{2150E333-8FDC-42A3-9474-1A3956D46DE8}") = "Test", "Test", "{6503DF54-D6AC-48CB-B0C5-CF39F0240AF0}"
EndProject
Project("{2150E333-8FDC-42A3-9474-1A3956D46DE8}") = "Solution", "Solution", "{C71D1543-290E-4CF1-A5DE-E01CA7A11A25}"
	ProjectSection(SolutionItems) = preProject
		.editorconfig = .editorconfig
	EndProjectSection
EndProject
Global
	GlobalSection(SolutionConfigurationPlatforms) = preSolution
		Debug|Any CPU = Debug|Any CPU
		Release|Any CPU = Release|Any CPU
	EndGlobalSection
	GlobalSection(ProjectConfigurationPlatforms) = postSolution
		{566DC69A-E7F5-4AD7-96FA-E0536BDA5AED}.Debug|Any CPU.ActiveCfg = Debug|Any CPU
		{566DC69A-E7F5-4AD7-96FA-E0536BDA5AED}.Debug|Any CPU.Build.0 = Debug|Any CPU
		{566DC69A-E7F5-4AD7-96FA-E0536BDA5AED}.Release|Any CPU.ActiveCfg = Release|Any CPU
		{566DC69A-E7F5-4AD7-96FA-E0536BDA5AED}.Release|Any CPU.Build.0 = Release|Any CPU
		{494B7FB3-905C-46CA-84F3-BB747C959530}.Debug|Any CPU.ActiveCfg = Debug|Any CPU
		{494B7FB3-905C-46CA-84F3-BB747C959530}.Debug|Any CPU.Build.0 = Debug|Any CPU
		{494B7FB3-905C-46CA-84F3-BB747C959530}.Release|Any CPU.ActiveCfg = Release|Any CPU
		{494B7FB3-905C-46CA-84F3-BB747C959530}.Release|Any CPU.Build.0 = Release|Any CPU
		{4E48002B-EFC0-4925-BCE1-17C3DA96DB9C}.Debug|Any CPU.ActiveCfg = Debug|Any CPU
		{4E48002B-EFC0-4925-BCE1-17C3DA96DB9C}.Debug|Any CPU.Build.0 = Debug|Any CPU
		{4E48002B-EFC0-4925-BCE1-17C3DA96DB9C}.Release|Any CPU.ActiveCfg = Release|Any CPU
		{4E48002B-EFC0-4925-BCE1-17C3DA96DB9C}.Release|Any CPU.Build.0 = Release|Any CPU
		{E878EA71-2441-49EA-9A8A-7D4500E10067}.Debug|Any CPU.ActiveCfg = Debug|Any CPU
		{E878EA71-2441-49EA-9A8A-7D4500E10067}.Debug|Any CPU.Build.0 = Debug|Any CPU
		{E878EA71-2441-49EA-9A8A-7D4500E10067}.Release|Any CPU.ActiveCfg = Release|Any CPU
		{E878EA71-2441-49EA-9A8A-7D4500E10067}.Release|Any CPU.Build.0 = Release|Any CPU
		{BE23181D-CC2B-4260-8967-B8EA984FFC62}.Debug|Any CPU.ActiveCfg = Debug|Any CPU
		{BE23181D-CC2B-4260-8967-B8EA984FFC62}.Debug|Any CPU.Build.0 = Debug|Any CPU
		{BE23181D-CC2B-4260-8967-B8EA984FFC62}.Release|Any CPU.ActiveCfg = Release|Any CPU
		{BE23181D-CC2B-4260-8967-B8EA984FFC62}.Release|Any CPU.Build.0 = Release|Any CPU
		{6BF00691-4D1B-4C65-A76E-D3D972ADD879}.Debug|Any CPU.ActiveCfg = Debug|Any CPU
		{6BF00691-4D1B-4C65-A76E-D3D972ADD879}.Debug|Any CPU.Build.0 = Debug|Any CPU
		{6BF00691-4D1B-4C65-A76E-D3D972ADD879}.Release|Any CPU.ActiveCfg = Release|Any CPU
		{6BF00691-4D1B-4C65-A76E-D3D972ADD879}.Release|Any CPU.Build.0 = Release|Any CPU
		{85D1A9CE-EA47-44DC-A295-35D25269E23A}.Debug|Any CPU.ActiveCfg = Debug|Any CPU
		{85D1A9CE-EA47-44DC-A295-35D25269E23A}.Debug|Any CPU.Build.0 = Debug|Any CPU
		{85D1A9CE-EA47-44DC-A295-35D25269E23A}.Release|Any CPU.ActiveCfg = Release|Any CPU
		{85D1A9CE-EA47-44DC-A295-35D25269E23A}.Release|Any CPU.Build.0 = Release|Any CPU
		{E7E5FB7A-C222-432D-8FFC-6A1FEC704F32}.Debug|Any CPU.ActiveCfg = Debug|Any CPU
		{E7E5FB7A-C222-432D-8FFC-6A1FEC704F32}.Debug|Any CPU.Build.0 = Debug|Any CPU
		{E7E5FB7A-C222-432D-8FFC-6A1FEC704F32}.Release|Any CPU.ActiveCfg = Release|Any CPU
		{E7E5FB7A-C222-432D-8FFC-6A1FEC704F32}.Release|Any CPU.Build.0 = Release|Any CPU
		{4ED5697B-9E04-4E5A-A919-16AA3F9E3CBE}.Debug|Any CPU.ActiveCfg = Debug|Any CPU
		{4ED5697B-9E04-4E5A-A919-16AA3F9E3CBE}.Debug|Any CPU.Build.0 = Debug|Any CPU
		{4ED5697B-9E04-4E5A-A919-16AA3F9E3CBE}.Release|Any CPU.ActiveCfg = Release|Any CPU
		{4ED5697B-9E04-4E5A-A919-16AA3F9E3CBE}.Release|Any CPU.Build.0 = Release|Any CPU
		{6EE33E87-6EC8-491C-A94D-AEEDB63E5040}.Debug|Any CPU.ActiveCfg = Debug|Any CPU
		{6EE33E87-6EC8-491C-A94D-AEEDB63E5040}.Debug|Any CPU.Build.0 = Debug|Any CPU
		{6EE33E87-6EC8-491C-A94D-AEEDB63E5040}.Release|Any CPU.ActiveCfg = Release|Any CPU
		{6EE33E87-6EC8-491C-A94D-AEEDB63E5040}.Release|Any CPU.Build.0 = Release|Any CPU
	EndGlobalSection
	GlobalSection(SolutionProperties) = preSolution
		HideSolutionNode = FALSE
	EndGlobalSection
	GlobalSection(NestedProjects) = preSolution
		{E878EA71-2441-49EA-9A8A-7D4500E10067} = {6503DF54-D6AC-48CB-B0C5-CF39F0240AF0}
		{4ED5697B-9E04-4E5A-A919-16AA3F9E3CBE} = {6503DF54-D6AC-48CB-B0C5-CF39F0240AF0}
		{6EE33E87-6EC8-491C-A94D-AEEDB63E5040} = {6503DF54-D6AC-48CB-B0C5-CF39F0240AF0}
	EndGlobalSection
	GlobalSection(ExtensibilityGlobals) = postSolution
		SolutionGuid = {4C58E6A4-A93F-488F-BA4E-EF1D570CEF2B}
	EndGlobalSection
EndGlobal
