
Microsoft Visual Studio Solution File, Format Version 12.00
# Visual Studio Version 16
VisualStudioVersion = 16.0.29519.181
MinimumVisualStudioVersion = 10.0.40219.1
Project("{9A19103F-16F7-4668-BE54-9A1E7A4F7556}") = "TestClient", "TestClient\TestClient.csproj", "{EE9A6537-92F4-4BAB-86E3-E32A4D6B7D2C}"
EndProject
Project("{2150E333-8FDC-42A3-9474-1A3956D46DE8}") = "Solution Items", "Solution Items", "{12E031FF-CD5A-4B7C-A1D9-82AA0C12CC3F}"
	ProjectSection(SolutionItems) = preProject
		.editorconfig = .editorconfig
	EndProjectSection
EndProject
Global
	GlobalSection(SolutionConfigurationPlatforms) = preSolution
		Debug|Any CPU = Debug|Any CPU
		Release|Any CPU = Release|Any CPU
	EndGlobalSection
	GlobalSection(ProjectConfigurationPlatforms) = postSolution
		{EE9A6537-92F4-4BAB-86E3-E32A4D6B7D2C}.Debug|Any CPU.ActiveCfg = Debug|Any CPU
		{EE9A6537-92F4-4BAB-86E3-E32A4D6B7D2C}.Debug|Any CPU.Build.0 = Debug|Any CPU
		{EE9A6537-92F4-4BAB-86E3-E32A4D6B7D2C}.Release|Any CPU.ActiveCfg = Release|Any CPU
		{EE9A6537-92F4-4BAB-86E3-E32A4D6B7D2C}.Release|Any CPU.Build.0 = Release|Any CPU
	EndGlobalSection
	GlobalSection(SolutionProperties) = preSolution
		HideSolutionNode = FALSE
	EndGlobalSection
	GlobalSection(ExtensibilityGlobals) = postSolution
		SolutionGuid = {4C58E6A4-A93F-488F-BA4E-EF1D570CEF2B}
	EndGlobalSection
EndGlobal
